// !$*UTF8*$!
{
	archiveVersion = 1;
	classes = {
	};
	objectVersion = 46;
	objects = {

/* Begin PBXBuildFile section */
		142CF90D1C2847890024AD2C /* AppDelegate.swift in Sources */ = {isa = PBXBuildFile; fileRef = 142CF90C1C2847890024AD2C /* AppDelegate.swift */; };
		142CF90F1C2847890024AD2C /* ViewController.swift in Sources */ = {isa = PBXBuildFile; fileRef = 142CF90E1C2847890024AD2C /* ViewController.swift */; };
		142CF9121C2847890024AD2C /* Main.storyboard in Resources */ = {isa = PBXBuildFile; fileRef = 142CF9101C2847890024AD2C /* Main.storyboard */; };
		142CF9141C2847890024AD2C /* Assets.xcassets in Resources */ = {isa = PBXBuildFile; fileRef = 142CF9131C2847890024AD2C /* Assets.xcassets */; };
		142CF9171C2847890024AD2C /* LaunchScreen.storyboard in Resources */ = {isa = PBXBuildFile; fileRef = 142CF9151C2847890024AD2C /* LaunchScreen.storyboard */; };
		142CF9421C2848A80024AD2C /* PodFile in Resources */ = {isa = PBXBuildFile; fileRef = 142CF9411C2848A80024AD2C /* PodFile */; };
		142CF9441C2898110024AD2C /* TableViewController.swift in Sources */ = {isa = PBXBuildFile; fileRef = 142CF9431C2898110024AD2C /* TableViewController.swift */; };
		BABA7FB6C5E97E5E5B19AE7A /* Pods.framework in Frameworks */ = {isa = PBXBuildFile; fileRef = 9B708E2FCBEDF8B450CBD8C6 /* Pods.framework */; };
/* End PBXBuildFile section */

/* Begin PBXFileReference section */
		142CF9091C2847890024AD2C /* InstagramClone.app */ = {isa = PBXFileReference; explicitFileType = wrapper.application; includeInIndex = 0; path = InstagramClone.app; sourceTree = BUILT_PRODUCTS_DIR; };
		142CF90C1C2847890024AD2C /* AppDelegate.swift */ = {isa = PBXFileReference; lastKnownFileType = sourcecode.swift; path = AppDelegate.swift; sourceTree = "<group>"; };
		142CF90E1C2847890024AD2C /* ViewController.swift */ = {isa = PBXFileReference; lastKnownFileType = sourcecode.swift; path = ViewController.swift; sourceTree = "<group>"; };
		142CF9111C2847890024AD2C /* Base */ = {isa = PBXFileReference; lastKnownFileType = file.storyboard; name = Base; path = Base.lproj/Main.storyboard; sourceTree = "<group>"; };
		142CF9131C2847890024AD2C /* Assets.xcassets */ = {isa = PBXFileReference; lastKnownFileType = folder.assetcatalog; path = Assets.xcassets; sourceTree = "<group>"; };
		142CF9161C2847890024AD2C /* Base */ = {isa = PBXFileReference; lastKnownFileType = file.storyboard; name = Base; path = Base.lproj/LaunchScreen.storyboard; sourceTree = "<group>"; };
		142CF9181C2847890024AD2C /* Info.plist */ = {isa = PBXFileReference; lastKnownFileType = text.plist.xml; path = Info.plist; sourceTree = "<group>"; };
		142CF9411C2848A80024AD2C /* PodFile */ = {isa = PBXFileReference; fileEncoding = 4; lastKnownFileType = text; name = PodFile; path = ../PodFile; sourceTree = "<group>"; };
		142CF9431C2898110024AD2C /* TableViewController.swift */ = {isa = PBXFileReference; fileEncoding = 4; lastKnownFileType = sourcecode.swift; path = TableViewController.swift; sourceTree = "<group>"; };
		463859FC1DCE8D215F143AEB /* Pods.debug.xcconfig */ = {isa = PBXFileReference; includeInIndex = 1; lastKnownFileType = text.xcconfig; name = Pods.debug.xcconfig; path = "Pods/Target Support Files/Pods/Pods.debug.xcconfig"; sourceTree = "<group>"; };
		4CE4F7D60C55965D702C569C /* Pods.release.xcconfig */ = {isa = PBXFileReference; includeInIndex = 1; lastKnownFileType = text.xcconfig; name = Pods.release.xcconfig; path = "Pods/Target Support Files/Pods/Pods.release.xcconfig"; sourceTree = "<group>"; };
		9B708E2FCBEDF8B450CBD8C6 /* Pods.framework */ = {isa = PBXFileReference; explicitFileType = wrapper.framework; includeInIndex = 0; path = Pods.framework; sourceTree = BUILT_PRODUCTS_DIR; };
/* End PBXFileReference section */

/* Begin PBXFrameworksBuildPhase section */
		142CF9061C2847890024AD2C /* Frameworks */ = {
			isa = PBXFrameworksBuildPhase;
			buildActionMask = 2147483647;
			files = (
				BABA7FB6C5E97E5E5B19AE7A /* Pods.framework in Frameworks */,
			);
			runOnlyForDeploymentPostprocessing = 0;
		};
/* End PBXFrameworksBuildPhase section */

/* Begin PBXGroup section */
		142CF9001C2847880024AD2C = {
			isa = PBXGroup;
			children = (
				142CF90B1C2847890024AD2C /* InstagramClone */,
				142CF90A1C2847890024AD2C /* Products */,
				A398A6836BF26C3920E56333 /* Pods */,
				BBA3D83A6B0BF70F1135E451 /* Frameworks */,
			);
			sourceTree = "<group>";
		};
		142CF90A1C2847890024AD2C /* Products */ = {
			isa = PBXGroup;
			children = (
				142CF9091C2847890024AD2C /* InstagramClone.app */,
			);
			name = Products;
			sourceTree = "<group>";
		};
		142CF90B1C2847890024AD2C /* InstagramClone */ = {
			isa = PBXGroup;
			children = (
				142CF9101C2847890024AD2C /* Main.storyboard */,
				142CF90E1C2847890024AD2C /* ViewController.swift */,
				142CF9431C2898110024AD2C /* TableViewController.swift */,
				142CF9131C2847890024AD2C /* Assets.xcassets */,
				142CF9151C2847890024AD2C /* LaunchScreen.storyboard */,
				142CF90C1C2847890024AD2C /* AppDelegate.swift */,
				142CF9181C2847890024AD2C /* Info.plist */,
				142CF9411C2848A80024AD2C /* PodFile */,
			);
			path = InstagramClone;
			sourceTree = "<group>";
		};
		A398A6836BF26C3920E56333 /* Pods */ = {
			isa = PBXGroup;
			children = (
				463859FC1DCE8D215F143AEB /* Pods.debug.xcconfig */,
				4CE4F7D60C55965D702C569C /* Pods.release.xcconfig */,
			);
			name = Pods;
			sourceTree = "<group>";
		};
		BBA3D83A6B0BF70F1135E451 /* Frameworks */ = {
			isa = PBXGroup;
			children = (
				9B708E2FCBEDF8B450CBD8C6 /* Pods.framework */,
			);
			name = Frameworks;
			sourceTree = "<group>";
		};
/* End PBXGroup section */

/* Begin PBXNativeTarget section */
		142CF9081C2847890024AD2C /* InstagramClone */ = {
			isa = PBXNativeTarget;
			buildConfigurationList = 142CF91B1C2847890024AD2C /* Build configuration list for PBXNativeTarget "InstagramClone" */;
			buildPhases = (
				2FE0A38BA71F84E5B4019B51 /* Check Pods Manifest.lock */,
				142CF9051C2847890024AD2C /* Sources */,
				142CF9061C2847890024AD2C /* Frameworks */,
				142CF9071C2847890024AD2C /* Resources */,
				1A5534DA6BAB0D3017A303E3 /* Embed Pods Frameworks */,
				E9ADE58B73A55F7FF2221447 /* Copy Pods Resources */,
			);
			buildRules = (
			);
			dependencies = (
			);
			name = InstagramClone;
			productName = InstagramClone;
			productReference = 142CF9091C2847890024AD2C /* InstagramClone.app */;
			productType = "com.apple.product-type.application";
		};
/* End PBXNativeTarget section */

/* Begin PBXProject section */
		142CF9011C2847880024AD2C /* Project object */ = {
			isa = PBXProject;
			attributes = {
				LastSwiftUpdateCheck = 0720;
				LastUpgradeCheck = 0720;
				ORGANIZATIONNAME = "Alex Oh";
				TargetAttributes = {
					142CF9081C2847890024AD2C = {
						CreatedOnToolsVersion = 7.2;
					};
				};
			};
			buildConfigurationList = 142CF9041C2847880024AD2C /* Build configuration list for PBXProject "InstagramClone" */;
			compatibilityVersion = "Xcode 3.2";
			developmentRegion = English;
			hasScannedForEncodings = 0;
			knownRegions = (
				en,
				Base,
			);
			mainGroup = 142CF9001C2847880024AD2C;
			productRefGroup = 142CF90A1C2847890024AD2C /* Products */;
			projectDirPath = "";
			projectRoot = "";
			targets = (
				142CF9081C2847890024AD2C /* InstagramClone */,
			);
		};
/* End PBXProject section */

/* Begin PBXResourcesBuildPhase section */
		142CF9071C2847890024AD2C /* Resources */ = {
			isa = PBXResourcesBuildPhase;
			buildActionMask = 2147483647;
			files = (
				142CF9171C2847890024AD2C /* LaunchScreen.storyboard in Resources */,
				142CF9141C2847890024AD2C /* Assets.xcassets in Resources */,
				142CF9421C2848A80024AD2C /* PodFile in Resources */,
				142CF9121C2847890024AD2C /* Main.storyboard in Resources */,
			);
			runOnlyForDeploymentPostprocessing = 0;
		};
/* End PBXResourcesBuildPhase section */

/* Begin PBXShellScriptBuildPhase section */
		1A5534DA6BAB0D3017A303E3 /* Embed Pods Frameworks */ = {
			isa = PBXShellScriptBuildPhase;
			buildActionMask = 2147483647;
			files = (
			);
			inputPaths = (
			);
			name = "Embed Pods Frameworks";
			outputPaths = (
			);
			runOnlyForDeploymentPostprocessing = 0;
			shellPath = /bin/sh;
			shellScript = "\"${SRCROOT}/Pods/Target Support Files/Pods/Pods-frameworks.sh\"\n";
			showEnvVarsInLog = 0;
		};
		2FE0A38BA71F84E5B4019B51 /* Check Pods Manifest.lock */ = {
			isa = PBXShellScriptBuildPhase;
			buildActionMask = 2147483647;
			files = (
			);
			inputPaths = (
			);
			name = "Check Pods Manifest.lock";
			outputPaths = (
			);
			runOnlyForDeploymentPostprocessing = 0;
			shellPath = /bin/sh;
			shellScript = "diff \"${PODS_ROOT}/../Podfile.lock\" \"${PODS_ROOT}/Manifest.lock\" > /dev/null\nif [[ $? != 0 ]] ; then\n    cat << EOM\nerror: The sandbox is not in sync with the Podfile.lock. Run 'pod install' or update your CocoaPods installation.\nEOM\n    exit 1\nfi\n";
			showEnvVarsInLog = 0;
		};
		E9ADE58B73A55F7FF2221447 /* Copy Pods Resources */ = {
			isa = PBXShellScriptBuildPhase;
			buildActionMask = 2147483647;
			files = (
			);
			inputPaths = (
			);
			name = "Copy Pods Resources";
			outputPaths = (
			);
			runOnlyForDeploymentPostprocessing = 0;
			shellPath = /bin/sh;
			shellScript = "\"${SRCROOT}/Pods/Target Support Files/Pods/Pods-resources.sh\"\n";
			showEnvVarsInLog = 0;
		};
/* End PBXShellScriptBuildPhase section */

/* Begin PBXSourcesBuildPhase section */
		142CF9051C2847890024AD2C /* Sources */ = {
			isa = PBXSourcesBuildPhase;
			buildActionMask = 2147483647;
			files = (
				142CF90F1C2847890024AD2C /* ViewController.swift in Sources */,
				142CF9441C2898110024AD2C /* TableViewController.swift in Sources */,
				142CF90D1C2847890024AD2C /* AppDelegate.swift in Sources */,
			);
			runOnlyForDeploymentPostprocessing = 0;
		};
/* End PBXSourcesBuildPhase section */

/* Begin PBXVariantGroup section */
		142CF9101C2847890024AD2C /* Main.storyboard */ = {
			isa = PBXVariantGroup;
			children = (
				142CF9111C2847890024AD2C /* Base */,
			);
			name = Main.storyboard;
			sourceTree = "<group>";
		};
		142CF9151C2847890024AD2C /* LaunchScreen.storyboard */ = {
			isa = PBXVariantGroup;
			children = (
				142CF9161C2847890024AD2C /* Base */,
			);
			name = LaunchScreen.storyboard;
			sourceTree = "<group>";
		};
/* End PBXVariantGroup section */

/* Begin XCBuildConfiguration section */
		142CF9191C2847890024AD2C /* Debug */ = {
			isa = XCBuildConfiguration;
			buildSettings = {
				ALWAYS_SEARCH_USER_PATHS = NO;
				CLANG_CXX_LANGUAGE_STANDARD = "gnu++0x";
				CLANG_CXX_LIBRARY = "libc++";
				CLANG_ENABLE_MODULES = YES;
				CLANG_ENABLE_OBJC_ARC = YES;
				CLANG_WARN_BOOL_CONVERSION = YES;
				CLANG_WARN_CONSTANT_CONVERSION = YES;
				CLANG_WARN_DIRECT_OBJC_ISA_USAGE = YES_ERROR;
				CLANG_WARN_EMPTY_BODY = YES;
				CLANG_WARN_ENUM_CONVERSION = YES;
				CLANG_WARN_INT_CONVERSION = YES;
				CLANG_WARN_OBJC_ROOT_CLASS = YES_ERROR;
				CLANG_WARN_UNREACHABLE_CODE = YES;
				CLANG_WARN__DUPLICATE_METHOD_MATCH = YES;
				"CODE_SIGN_IDENTITY[sdk=iphoneos*]" = "iPhone Developer";
				COPY_PHASE_STRIP = NO;
				DEBUG_INFORMATION_FORMAT = dwarf;
				ENABLE_STRICT_OBJC_MSGSEND = YES;
				ENABLE_TESTABILITY = YES;
				GCC_C_LANGUAGE_STANDARD = gnu99;
				GCC_DYNAMIC_NO_PIC = NO;
				GCC_NO_COMMON_BLOCKS = YES;
				GCC_OPTIMIZATION_LEVEL = 0;
				GCC_PREPROCESSOR_DEFINITIONS = (
					"DEBUG=1",
					"$(inherited)",
				);
				GCC_WARN_64_TO_32_BIT_CONVERSION = YES;
				GCC_WARN_ABOUT_RETURN_TYPE = YES_ERROR;
				GCC_WARN_UNDECLARED_SELECTOR = YES;
				GCC_WARN_UNINITIALIZED_AUTOS = YES_AGGRESSIVE;
				GCC_WARN_UNUSED_FUNCTION = YES;
				GCC_WARN_UNUSED_VARIABLE = YES;
				IPHONEOS_DEPLOYMENT_TARGET = 9.2;
				MTL_ENABLE_DEBUG_INFO = YES;
				ONLY_ACTIVE_ARCH = YES;
				SDKROOT = iphoneos;
				SWIFT_OPTIMIZATION_LEVEL = "-Onone";
			};
			name = Debug;
		};
		142CF91A1C2847890024AD2C /* Release */ = {
			isa = XCBuildConfiguration;
			buildSettings = {
				ALWAYS_SEARCH_USER_PATHS = NO;
				CLANG_CXX_LANGUAGE_STANDARD = "gnu++0x";
				CLANG_CXX_LIBRARY = "libc++";
				CLANG_ENABLE_MODULES = YES;
				CLANG_ENABLE_OBJC_ARC = YES;
				CLANG_WARN_BOOL_CONVERSION = YES;
				CLANG_WARN_CONSTANT_CONVERSION = YES;
				CLANG_WARN_DIRECT_OBJC_ISA_USAGE = YES_ERROR;
				CLANG_WARN_EMPTY_BODY = YES;
				CLANG_WARN_ENUM_CONVERSION = YES;
				CLANG_WARN_INT_CONVERSION = YES;
				CLANG_WARN_OBJC_ROOT_CLASS = YES_ERROR;
				CLANG_WARN_UNREACHABLE_CODE = YES;
				CLANG_WARN__DUPLICATE_METHOD_MATCH = YES;
				"CODE_SIGN_IDENTITY[sdk=iphoneos*]" = "iPhone Developer";
				COPY_PHASE_STRIP = NO;
				DEBUG_INFORMATION_FORMAT = "dwarf-with-dsym";
				ENABLE_NS_ASSERTIONS = NO;
				ENABLE_STRICT_OBJC_MSGSEND = YES;
				GCC_C_LANGUAGE_STANDARD = gnu99;
				GCC_NO_COMMON_BLOCKS = YES;
				GCC_WARN_64_TO_32_BIT_CONVERSION = YES;
				GCC_WARN_ABOUT_RETURN_TYPE = YES_ERROR;
				GCC_WARN_UNDECLARED_SELECTOR = YES;
				GCC_WARN_UNINITIALIZED_AUTOS = YES_AGGRESSIVE;
				GCC_WARN_UNUSED_FUNCTION = YES;
				GCC_WARN_UNUSED_VARIABLE = YES;
				IPHONEOS_DEPLOYMENT_TARGET = 9.2;
				MTL_ENABLE_DEBUG_INFO = NO;
				SDKROOT = iphoneos;
				VALIDATE_PRODUCT = YES;
			};
			name = Release;
		};
		142CF91C1C2847890024AD2C /* Debug */ = {
			isa = XCBuildConfiguration;
			baseConfigurationReference = 463859FC1DCE8D215F143AEB /* Pods.debug.xcconfig */;
			buildSettings = {
				ASSETCATALOG_COMPILER_APPICON_NAME = AppIcon;
				INFOPLIST_FILE = InstagramClone/Info.plist;
				LD_RUNPATH_SEARCH_PATHS = "$(inherited) @executable_path/Frameworks";
				PRODUCT_BUNDLE_IDENTIFIER = alexoh.InstagramClone;
				PRODUCT_NAME = "$(TARGET_NAME)";
			};
			name = Debug;
		};
		142CF91D1C2847890024AD2C /* Release */ = {
			isa = XCBuildConfiguration;
			baseConfigurationReference = 4CE4F7D60C55965D702C569C /* Pods.release.xcconfig */;
			buildSettings = {
				ASSETCATALOG_COMPILER_APPICON_NAME = AppIcon;
				INFOPLIST_FILE = InstagramClone/Info.plist;
				LD_RUNPATH_SEARCH_PATHS = "$(inherited) @executable_path/Frameworks";
				PRODUCT_BUNDLE_IDENTIFIER = alexoh.InstagramClone;
				PRODUCT_NAME = "$(TARGET_NAME)";
			};
			name = Release;
		};
/* End XCBuildConfiguration section */

/* Begin XCConfigurationList section */
		142CF9041C2847880024AD2C /* Build configuration list for PBXProject "InstagramClone" */ = {
			isa = XCConfigurationList;
			buildConfigurations = (
				142CF9191C2847890024AD2C /* Debug */,
				142CF91A1C2847890024AD2C /* Release */,
			);
			defaultConfigurationIsVisible = 0;
			defaultConfigurationName = Release;
		};
		142CF91B1C2847890024AD2C /* Build configuration list for PBXNativeTarget "InstagramClone" */ = {
			isa = XCConfigurationList;
			buildConfigurations = (
				142CF91C1C2847890024AD2C /* Debug */,
				142CF91D1C2847890024AD2C /* Release */,
			);
			defaultConfigurationIsVisible = 0;
			defaultConfigurationName = Release;
		};
/* End XCConfigurationList section */
	};
	rootObject = 142CF9011C2847880024AD2C /* Project object */;
}
